
Microsoft Visual Studio Solution File, Format Version 12.00
# Visual Studio 15
Project("{FAE04EC0-301F-11D3-BF4B-00C04F79EFBC}") = "PhotonUnityNetworking.Demos", "PhotonUnityNetworking.Demos.csproj", "{B1025174-365E-AF4D-F9FA-F700E44EE58A}"
EndProject
Project("{FAE04EC0-301F-11D3-BF4B-00C04F79EFBC}") = "PhotonUnityNetworking.Utilities", "PhotonUnityNetworking.Utilities.csproj", "{8644C0D2-F76A-BFD3-772C-B2881F71B5DE}"
EndProject
Project("{FAE04EC0-301F-11D3-BF4B-00C04F79EFBC}") = "PhotonChat", "PhotonChat.csproj", "{74128132-FE94-9C20-ABE6-6F209689EF91}"
EndProject
Project("{FAE04EC0-301F-11D3-BF4B-00C04F79EFBC}") = "PhotonUnityNetworking", "PhotonUnityNetworking.csproj", "{7269A5BF-0EB8-8214-A5BF-932485A0EA7F}"
EndProject
Project("{FAE04EC0-301F-11D3-BF4B-00C04F79EFBC}") = "Assembly-CSharp", "Assembly-CSharp.csproj", "{87526317-A4D5-C9A1-793B-F2F7BFF950F3}"
EndProject
Project("{FAE04EC0-301F-11D3-BF4B-00C04F79EFBC}") = "PhotonRealtime", "PhotonRealtime.csproj", "{25AEFBB2-42A6-AB8C-8A2C-35E74248046C}"
EndProject
Project("{FAE04EC0-301F-11D3-BF4B-00C04F79EFBC}") = "PhotonUnityNetworking.Editor", "PhotonUnityNetworking.Editor.csproj", "{277DE352-1F45-1F46-C84E-2E4DA898F7A7}"
EndProject
Project("{FAE04EC0-301F-11D3-BF4B-00C04F79EFBC}") = "PunDemos.DemoHubEditor", "PunDemos.DemoHubEditor.csproj", "{66A31E05-83EE-6EC2-784C-C3F6983953B5}"
EndProject
Project("{FAE04EC0-301F-11D3-BF4B-00C04F79EFBC}") = "PhotonUnityNetworking.Utilities.PhotonPlayer.Editor", "PhotonUnityNetworking.Utilities.PhotonPlayer.Editor.csproj", "{2BD81FAB-F999-D0C2-192D-1E93BF262263}"
EndProject
Project("{FAE04EC0-301F-11D3-BF4B-00C04F79EFBC}") = "PhotonUnityNetworking.Utilities.Culling.Editor", "PhotonUnityNetworking.Utilities.Culling.Editor.csproj", "{6EACBA22-699F-A51A-67B3-89A06D61E7FE}"
EndProject
Project("{FAE04EC0-301F-11D3-BF4B-00C04F79EFBC}") = "PunDemos.DemoSlotcarEditor", "PunDemos.DemoSlotcarEditor.csproj", "{06BECC35-6E52-70B6-F9AF-3512458F2E9E}"
EndProject
Global
	GlobalSection(SolutionConfigurationPlatforms) = preSolution
		Debug|Any CPU = Debug|Any CPU
		Release|Any CPU = Release|Any CPU
	EndGlobalSection
	GlobalSection(ProjectConfigurationPlatforms) = postSolution
		{B1025174-365E-AF4D-F9FA-F700E44EE58A}.Debug|Any CPU.ActiveCfg = Debug|Any CPU
		{B1025174-365E-AF4D-F9FA-F700E44EE58A}.Debug|Any CPU.Build.0 = Debug|Any CPU
		{B1025174-365E-AF4D-F9FA-F700E44EE58A}.Release|Any CPU.ActiveCfg = Release|Any CPU
		{B1025174-365E-AF4D-F9FA-F700E44EE58A}.Release|Any CPU.Build.0 = Release|Any CPU
		{8644C0D2-F76A-BFD3-772C-B2881F71B5DE}.Debug|Any CPU.ActiveCfg = Debug|Any CPU
		{8644C0D2-F76A-BFD3-772C-B2881F71B5DE}.Debug|Any CPU.Build.0 = Debug|Any CPU
		{8644C0D2-F76A-BFD3-772C-B2881F71B5DE}.Release|Any CPU.ActiveCfg = Release|Any CPU
		{8644C0D2-F76A-BFD3-772C-B2881F71B5DE}.Release|Any CPU.Build.0 = Release|Any CPU
		{74128132-FE94-9C20-ABE6-6F209689EF91}.Debug|Any CPU.ActiveCfg = Debug|Any CPU
		{74128132-FE94-9C20-ABE6-6F209689EF91}.Debug|Any CPU.Build.0 = Debug|Any CPU
		{74128132-FE94-9C20-ABE6-6F209689EF91}.Release|Any CPU.ActiveCfg = Release|Any CPU
		{74128132-FE94-9C20-ABE6-6F209689EF91}.Release|Any CPU.Build.0 = Release|Any CPU
		{7269A5BF-0EB8-8214-A5BF-932485A0EA7F}.Debug|Any CPU.ActiveCfg = Debug|Any CPU
		{7269A5BF-0EB8-8214-A5BF-932485A0EA7F}.Debug|Any CPU.Build.0 = Debug|Any CPU
		{7269A5BF-0EB8-8214-A5BF-932485A0EA7F}.Release|Any CPU.ActiveCfg = Release|Any CPU
		{7269A5BF-0EB8-8214-A5BF-932485A0EA7F}.Release|Any CPU.Build.0 = Release|Any CPU
		{87526317-A4D5-C9A1-793B-F2F7BFF950F3}.Debug|Any CPU.ActiveCfg = Debug|Any CPU
		{87526317-A4D5-C9A1-793B-F2F7BFF950F3}.Debug|Any CPU.Build.0 = Debug|Any CPU
		{87526317-A4D5-C9A1-793B-F2F7BFF950F3}.Release|Any CPU.ActiveCfg = Release|Any CPU
		{87526317-A4D5-C9A1-793B-F2F7BFF950F3}.Release|Any CPU.Build.0 = Release|Any CPU
		{25AEFBB2-42A6-AB8C-8A2C-35E74248046C}.Debug|Any CPU.ActiveCfg = Debug|Any CPU
		{25AEFBB2-42A6-AB8C-8A2C-35E74248046C}.Debug|Any CPU.Build.0 = Debug|Any CPU
		{25AEFBB2-42A6-AB8C-8A2C-35E74248046C}.Release|Any CPU.ActiveCfg = Release|Any CPU
		{25AEFBB2-42A6-AB8C-8A2C-35E74248046C}.Release|Any CPU.Build.0 = Release|Any CPU
		{277DE352-1F45-1F46-C84E-2E4DA898F7A7}.Debug|Any CPU.ActiveCfg = Debug|Any CPU
		{277DE352-1F45-1F46-C84E-2E4DA898F7A7}.Debug|Any CPU.Build.0 = Debug|Any CPU
		{277DE352-1F45-1F46-C84E-2E4DA898F7A7}.Release|Any CPU.ActiveCfg = Release|Any CPU
		{277DE352-1F45-1F46-C84E-2E4DA898F7A7}.Release|Any CPU.Build.0 = Release|Any CPU
		{66A31E05-83EE-6EC2-784C-C3F6983953B5}.Debug|Any CPU.ActiveCfg = Debug|Any CPU
		{66A31E05-83EE-6EC2-784C-C3F6983953B5}.Debug|Any CPU.Build.0 = Debug|Any CPU
		{66A31E05-83EE-6EC2-784C-C3F6983953B5}.Release|Any CPU.ActiveCfg = Release|Any CPU
		{66A31E05-83EE-6EC2-784C-C3F6983953B5}.Release|Any CPU.Build.0 = Release|Any CPU
		{2BD81FAB-F999-D0C2-192D-1E93BF262263}.Debug|Any CPU.ActiveCfg = Debug|Any CPU
		{2BD81FAB-F999-D0C2-192D-1E93BF262263}.Debug|Any CPU.Build.0 = Debug|Any CPU
		{2BD81FAB-F999-D0C2-192D-1E93BF262263}.Release|Any CPU.ActiveCfg = Release|Any CPU
		{2BD81FAB-F999-D0C2-192D-1E93BF262263}.Release|Any CPU.Build.0 = Release|Any CPU
		{6EACBA22-699F-A51A-67B3-89A06D61E7FE}.Debug|Any CPU.ActiveCfg = Debug|Any CPU
		{6EACBA22-699F-A51A-67B3-89A06D61E7FE}.Debug|Any CPU.Build.0 = Debug|Any CPU
		{6EACBA22-699F-A51A-67B3-89A06D61E7FE}.Release|Any CPU.ActiveCfg = Release|Any CPU
		{6EACBA22-699F-A51A-67B3-89A06D61E7FE}.Release|Any CPU.Build.0 = Release|Any CPU
		{06BECC35-6E52-70B6-F9AF-3512458F2E9E}.Debug|Any CPU.ActiveCfg = Debug|Any CPU
		{06BECC35-6E52-70B6-F9AF-3512458F2E9E}.Debug|Any CPU.Build.0 = Debug|Any CPU
		{06BECC35-6E52-70B6-F9AF-3512458F2E9E}.Release|Any CPU.ActiveCfg = Release|Any CPU
		{06BECC35-6E52-70B6-F9AF-3512458F2E9E}.Release|Any CPU.Build.0 = Release|Any CPU
	EndGlobalSection
	GlobalSection(SolutionProperties) = preSolution
		HideSolutionNode = FALSE
	EndGlobalSection
EndGlobal
