
Microsoft Visual Studio Solution File, Format Version 12.00
# Visual Studio 15
Project("{FAE04EC0-301F-11D3-BF4B-00C04F79EFBC}") = "PhotonUnityNetworking.Demos", "PhotonUnityNetworking.Demos.csproj", "{5861F104-7779-5A83-B1C6-40C43B2DE49B}"
EndProject
Project("{FAE04EC0-301F-11D3-BF4B-00C04F79EFBC}") = "PhotonUnityNetworking.Utilities", "PhotonUnityNetworking.Utilities.csproj", "{09F46F85-ADF4-5AE1-58CE-2F1534A82F59}"
EndProject
Project("{FAE04EC0-301F-11D3-BF4B-00C04F79EFBC}") = "PhotonChat", "PhotonChat.csproj", "{7E813DE1-A702-8BD3-0F8E-EEC757C61EF2}"
EndProject
Project("{FAE04EC0-301F-11D3-BF4B-00C04F79EFBC}") = "PhotonUnityNetworking", "PhotonUnityNetworking.csproj", "{79DC18B2-6683-B5E4-C6A7-ED2AC55F820B}"
EndProject
Project("{FAE04EC0-301F-11D3-BF4B-00C04F79EFBC}") = "Assembly-CSharp", "Assembly-CSharp.csproj", "{2174AE51-0B58-EE5E-9C0D-AFEDC3EC3251}"
EndProject
Project("{FAE04EC0-301F-11D3-BF4B-00C04F79EFBC}") = "PhotonRealtime", "PhotonRealtime.csproj", "{B694B663-6ED2-FCC5-20B3-7786F6E41209}"
EndProject
Project("{FAE04EC0-301F-11D3-BF4B-00C04F79EFBC}") = "PhotonUnityNetworking.Editor", "PhotonUnityNetworking.Editor.csproj", "{BC6B5038-2E83-4411-006C-C31E27CD9D8B}"
EndProject
Project("{FAE04EC0-301F-11D3-BF4B-00C04F79EFBC}") = "PunDemos.DemoHubEditor", "PunDemos.DemoHubEditor.csproj", "{33DA7FA2-FE9F-7626-DD7E-FE09294BBDC1}"
EndProject
Project("{FAE04EC0-301F-11D3-BF4B-00C04F79EFBC}") = "PhotonUnityNetworking.Utilities.PhotonPlayer.Editor", "PhotonUnityNetworking.Utilities.PhotonPlayer.Editor.csproj", "{38D15BF2-A45A-CBD2-05CD-7D67F7EC54E0}"
EndProject
Project("{FAE04EC0-301F-11D3-BF4B-00C04F79EFBC}") = "PhotonUnityNetworking.Utilities.Culling.Editor", "PhotonUnityNetworking.Utilities.Culling.Editor.csproj", "{AB99E05E-42D0-FA18-AA63-6D97954959C7}"
EndProject
Project("{FAE04EC0-301F-11D3-BF4B-00C04F79EFBC}") = "PunDemos.DemoSlotcarEditor", "PunDemos.DemoSlotcarEditor.csproj", "{BA608D7F-006E-7809-D51C-133EA0A33087}"
EndProject
Global
	GlobalSection(SolutionConfigurationPlatforms) = preSolution
		Debug|Any CPU = Debug|Any CPU
		Release|Any CPU = Release|Any CPU
	EndGlobalSection
	GlobalSection(ProjectConfigurationPlatforms) = postSolution
		{5861F104-7779-5A83-B1C6-40C43B2DE49B}.Debug|Any CPU.ActiveCfg = Debug|Any CPU
		{5861F104-7779-5A83-B1C6-40C43B2DE49B}.Debug|Any CPU.Build.0 = Debug|Any CPU
		{5861F104-7779-5A83-B1C6-40C43B2DE49B}.Release|Any CPU.ActiveCfg = Release|Any CPU
		{5861F104-7779-5A83-B1C6-40C43B2DE49B}.Release|Any CPU.Build.0 = Release|Any CPU
		{09F46F85-ADF4-5AE1-58CE-2F1534A82F59}.Debug|Any CPU.ActiveCfg = Debug|Any CPU
		{09F46F85-ADF4-5AE1-58CE-2F1534A82F59}.Debug|Any CPU.Build.0 = Debug|Any CPU
		{09F46F85-ADF4-5AE1-58CE-2F1534A82F59}.Release|Any CPU.ActiveCfg = Release|Any CPU
		{09F46F85-ADF4-5AE1-58CE-2F1534A82F59}.Release|Any CPU.Build.0 = Release|Any CPU
		{7E813DE1-A702-8BD3-0F8E-EEC757C61EF2}.Debug|Any CPU.ActiveCfg = Debug|Any CPU
		{7E813DE1-A702-8BD3-0F8E-EEC757C61EF2}.Debug|Any CPU.Build.0 = Debug|Any CPU
		{7E813DE1-A702-8BD3-0F8E-EEC757C61EF2}.Release|Any CPU.ActiveCfg = Release|Any CPU
		{7E813DE1-A702-8BD3-0F8E-EEC757C61EF2}.Release|Any CPU.Build.0 = Release|Any CPU
		{79DC18B2-6683-B5E4-C6A7-ED2AC55F820B}.Debug|Any CPU.ActiveCfg = Debug|Any CPU
		{79DC18B2-6683-B5E4-C6A7-ED2AC55F820B}.Debug|Any CPU.Build.0 = Debug|Any CPU
		{79DC18B2-6683-B5E4-C6A7-ED2AC55F820B}.Release|Any CPU.ActiveCfg = Release|Any CPU
		{79DC18B2-6683-B5E4-C6A7-ED2AC55F820B}.Release|Any CPU.Build.0 = Release|Any CPU
		{2174AE51-0B58-EE5E-9C0D-AFEDC3EC3251}.Debug|Any CPU.ActiveCfg = Debug|Any CPU
		{2174AE51-0B58-EE5E-9C0D-AFEDC3EC3251}.Debug|Any CPU.Build.0 = Debug|Any CPU
		{2174AE51-0B58-EE5E-9C0D-AFEDC3EC3251}.Release|Any CPU.ActiveCfg = Release|Any CPU
		{2174AE51-0B58-EE5E-9C0D-AFEDC3EC3251}.Release|Any CPU.Build.0 = Release|Any CPU
		{B694B663-6ED2-FCC5-20B3-7786F6E41209}.Debug|Any CPU.ActiveCfg = Debug|Any CPU
		{B694B663-6ED2-FCC5-20B3-7786F6E41209}.Debug|Any CPU.Build.0 = Debug|Any CPU
		{B694B663-6ED2-FCC5-20B3-7786F6E41209}.Release|Any CPU.ActiveCfg = Release|Any CPU
		{B694B663-6ED2-FCC5-20B3-7786F6E41209}.Release|Any CPU.Build.0 = Release|Any CPU
		{BC6B5038-2E83-4411-006C-C31E27CD9D8B}.Debug|Any CPU.ActiveCfg = Debug|Any CPU
		{BC6B5038-2E83-4411-006C-C31E27CD9D8B}.Debug|Any CPU.Build.0 = Debug|Any CPU
		{BC6B5038-2E83-4411-006C-C31E27CD9D8B}.Release|Any CPU.ActiveCfg = Release|Any CPU
		{BC6B5038-2E83-4411-006C-C31E27CD9D8B}.Release|Any CPU.Build.0 = Release|Any CPU
		{33DA7FA2-FE9F-7626-DD7E-FE09294BBDC1}.Debug|Any CPU.ActiveCfg = Debug|Any CPU
		{33DA7FA2-FE9F-7626-DD7E-FE09294BBDC1}.Debug|Any CPU.Build.0 = Debug|Any CPU
		{33DA7FA2-FE9F-7626-DD7E-FE09294BBDC1}.Release|Any CPU.ActiveCfg = Release|Any CPU
		{33DA7FA2-FE9F-7626-DD7E-FE09294BBDC1}.Release|Any CPU.Build.0 = Release|Any CPU
		{38D15BF2-A45A-CBD2-05CD-7D67F7EC54E0}.Debug|Any CPU.ActiveCfg = Debug|Any CPU
		{38D15BF2-A45A-CBD2-05CD-7D67F7EC54E0}.Debug|Any CPU.Build.0 = Debug|Any CPU
		{38D15BF2-A45A-CBD2-05CD-7D67F7EC54E0}.Release|Any CPU.ActiveCfg = Release|Any CPU
		{38D15BF2-A45A-CBD2-05CD-7D67F7EC54E0}.Release|Any CPU.Build.0 = Release|Any CPU
		{AB99E05E-42D0-FA18-AA63-6D97954959C7}.Debug|Any CPU.ActiveCfg = Debug|Any CPU
		{AB99E05E-42D0-FA18-AA63-6D97954959C7}.Debug|Any CPU.Build.0 = Debug|Any CPU
		{AB99E05E-42D0-FA18-AA63-6D97954959C7}.Release|Any CPU.ActiveCfg = Release|Any CPU
		{AB99E05E-42D0-FA18-AA63-6D97954959C7}.Release|Any CPU.Build.0 = Release|Any CPU
		{BA608D7F-006E-7809-D51C-133EA0A33087}.Debug|Any CPU.ActiveCfg = Debug|Any CPU
		{BA608D7F-006E-7809-D51C-133EA0A33087}.Debug|Any CPU.Build.0 = Debug|Any CPU
		{BA608D7F-006E-7809-D51C-133EA0A33087}.Release|Any CPU.ActiveCfg = Release|Any CPU
		{BA608D7F-006E-7809-D51C-133EA0A33087}.Release|Any CPU.Build.0 = Release|Any CPU
	EndGlobalSection
	GlobalSection(SolutionProperties) = preSolution
		HideSolutionNode = FALSE
	EndGlobalSection
EndGlobal
